
Microsoft Visual Studio Solution File, Format Version 12.00
# Visual Studio Version 17
VisualStudioVersion = 17.9.34701.34
MinimumVisualStudioVersion = 10.0.40219.1
Project("{9A19103F-16F7-4668-BE54-9A1E7A4F7556}") = "SystemKolejowy", "SystemKolejowy\SystemKolejowy.csproj", "{DE9BB7E2-5514-488F-8782-2C5FF057415D}"
EndProject
Global
	GlobalSection(SolutionConfigurationPlatforms) = preSolution
		Debug|Any CPU = Debug|Any CPU
		Release|Any CPU = Release|Any CPU
	EndGlobalSection
	GlobalSection(ProjectConfigurationPlatforms) = postSolution
		{DE9BB7E2-5514-488F-8782-2C5FF057415D}.Debug|Any CPU.ActiveCfg = Debug|Any CPU
		{DE9BB7E2-5514-488F-8782-2C5FF057415D}.Debug|Any CPU.Build.0 = Debug|Any CPU
		{DE9BB7E2-5514-488F-8782-2C5FF057415D}.Release|Any CPU.ActiveCfg = Release|Any CPU
		{DE9BB7E2-5514-488F-8782-2C5FF057415D}.Release|Any CPU.Build.0 = Release|Any CPU
	EndGlobalSection
	GlobalSection(SolutionProperties) = preSolution
		HideSolutionNode = FALSE
	EndGlobalSection
	GlobalSection(ExtensibilityGlobals) = postSolution
		SolutionGuid = {429458ED-0F48-45A7-8291-1041B19541DE}
	EndGlobalSection
EndGlobal
